// !$*UTF8*$!
{
	archiveVersion = 1;
	classes = {
	};
	objectVersion = 50;
	objects = {

/* Begin PBXBuildFile section */
		9861FB0F26270C9300B6599A /* AppDelegate.swift in Sources */ = {isa = PBXBuildFile; fileRef = 9861FB0E26270C9300B6599A /* AppDelegate.swift */; };
		9861FB1126270C9300B6599A /* SceneDelegate.swift in Sources */ = {isa = PBXBuildFile; fileRef = 9861FB1026270C9300B6599A /* SceneDelegate.swift */; };
		9861FB1326270C9300B6599A /* DogCollectionViewController.swift in Sources */ = {isa = PBXBuildFile; fileRef = 9861FB1226270C9300B6599A /* DogCollectionViewController.swift */; };
		9861FB1826270C9600B6599A /* Assets.xcassets in Resources */ = {isa = PBXBuildFile; fileRef = 9861FB1726270C9600B6599A /* Assets.xcassets */; };
		9861FB1B26270C9600B6599A /* LaunchScreen.storyboard in Resources */ = {isa = PBXBuildFile; fileRef = 9861FB1926270C9600B6599A /* LaunchScreen.storyboard */; };
		9870896D2647D2A8006F9AB9 /* DogDetailViewController.swift in Sources */ = {isa = PBXBuildFile; fileRef = 9870896C2647D2A8006F9AB9 /* DogDetailViewController.swift */; };
		98CA8E84262C2B6B00124DF1 /* Dog.swift in Sources */ = {isa = PBXBuildFile; fileRef = 98CA8E83262C2B6B00124DF1 /* Dog.swift */; };
/* End PBXBuildFile section */

/* Begin PBXContainerItemProxy section */
		9861FB2226270C9600B6599A /* PBXContainerItemProxy */ = {
			isa = PBXContainerItemProxy;
			containerPortal = 9861FB0326270C9300B6599A /* Project object */;
			proxyType = 1;
			remoteGlobalIDString = 9861FB0A26270C9300B6599A;
			remoteInfo = InterviewProject;
		};
		9861FB2D26270C9600B6599A /* PBXContainerItemProxy */ = {
			isa = PBXContainerItemProxy;
			containerPortal = 9861FB0326270C9300B6599A /* Project object */;
			proxyType = 1;
			remoteGlobalIDString = 9861FB0A26270C9300B6599A;
			remoteInfo = InterviewProject;
		};
/* End PBXContainerItemProxy section */

/* Begin PBXFileReference section */
		9861FB0B26270C9300B6599A /* InterviewProject.app */ = {isa = PBXFileReference; explicitFileType = wrapper.application; includeInIndex = 0; path = InterviewProject.app; sourceTree = BUILT_PRODUCTS_DIR; };
		9861FB0E26270C9300B6599A /* AppDelegate.swift */ = {isa = PBXFileReference; lastKnownFileType = sourcecode.swift; path = AppDelegate.swift; sourceTree = "<group>"; };
		9861FB1026270C9300B6599A /* SceneDelegate.swift */ = {isa = PBXFileReference; lastKnownFileType = sourcecode.swift; path = SceneDelegate.swift; sourceTree = "<group>"; };
		9861FB1226270C9300B6599A /* DogCollectionViewController.swift */ = {isa = PBXFileReference; lastKnownFileType = sourcecode.swift; path = DogCollectionViewController.swift; sourceTree = "<group>"; };
		9861FB1726270C9600B6599A /* Assets.xcassets */ = {isa = PBXFileReference; lastKnownFileType = folder.assetcatalog; path = Assets.xcassets; sourceTree = "<group>"; };
		9861FB1A26270C9600B6599A /* Base */ = {isa = PBXFileReference; lastKnownFileType = file.storyboard; name = Base; path = Base.lproj/LaunchScreen.storyboard; sourceTree = "<group>"; };
		9861FB1C26270C9600B6599A /* Info.plist */ = {isa = PBXFileReference; lastKnownFileType = text.plist.xml; path = Info.plist; sourceTree = "<group>"; };
		9861FB2126270C9600B6599A /* InterviewProjectTests.xctest */ = {isa = PBXFileReference; explicitFileType = wrapper.cfbundle; includeInIndex = 0; path = InterviewProjectTests.xctest; sourceTree = BUILT_PRODUCTS_DIR; };
		9861FB2C26270C9600B6599A /* InterviewProjectUITests.xctest */ = {isa = PBXFileReference; explicitFileType = wrapper.cfbundle; includeInIndex = 0; path = InterviewProjectUITests.xctest; sourceTree = BUILT_PRODUCTS_DIR; };
		9870896C2647D2A8006F9AB9 /* DogDetailViewController.swift */ = {isa = PBXFileReference; lastKnownFileType = sourcecode.swift; path = DogDetailViewController.swift; sourceTree = "<group>"; };
		98CA8E83262C2B6B00124DF1 /* Dog.swift */ = {isa = PBXFileReference; lastKnownFileType = sourcecode.swift; path = Dog.swift; sourceTree = "<group>"; };
/* End PBXFileReference section */

/* Begin PBXFrameworksBuildPhase section */
		9861FB0826270C9300B6599A /* Frameworks */ = {
			isa = PBXFrameworksBuildPhase;
			buildActionMask = 2147483647;
			files = (
			);
			runOnlyForDeploymentPostprocessing = 0;
		};
		9861FB1E26270C9600B6599A /* Frameworks */ = {
			isa = PBXFrameworksBuildPhase;
			buildActionMask = 2147483647;
			files = (
			);
			runOnlyForDeploymentPostprocessing = 0;
		};
		9861FB2926270C9600B6599A /* Frameworks */ = {
			isa = PBXFrameworksBuildPhase;
			buildActionMask = 2147483647;
			files = (
			);
			runOnlyForDeploymentPostprocessing = 0;
		};
/* End PBXFrameworksBuildPhase section */

/* Begin PBXGroup section */
		9861FB0226270C9300B6599A = {
			isa = PBXGroup;
			children = (
				9861FB0D26270C9300B6599A /* InterviewProject */,
				9861FB0C26270C9300B6599A /* Products */,
			);
			sourceTree = "<group>";
		};
		9861FB0C26270C9300B6599A /* Products */ = {
			isa = PBXGroup;
			children = (
				9861FB0B26270C9300B6599A /* InterviewProject.app */,
				9861FB2126270C9600B6599A /* InterviewProjectTests.xctest */,
				9861FB2C26270C9600B6599A /* InterviewProjectUITests.xctest */,
			);
			name = Products;
			sourceTree = "<group>";
		};
		9861FB0D26270C9300B6599A /* InterviewProject */ = {
			isa = PBXGroup;
			children = (
				986BF4AD2633FAC2002841D7 /* ViewControllers */,
				98CA8E83262C2B6B00124DF1 /* Dog.swift */,
				9861FB1026270C9300B6599A /* SceneDelegate.swift */,
				9861FB0E26270C9300B6599A /* AppDelegate.swift */,
				9861FB1726270C9600B6599A /* Assets.xcassets */,
				9861FB1926270C9600B6599A /* LaunchScreen.storyboard */,
				9861FB1C26270C9600B6599A /* Info.plist */,
			);
			path = InterviewProject;
			sourceTree = "<group>";
		};
		986BF4AD2633FAC2002841D7 /* ViewControllers */ = {
			isa = PBXGroup;
			children = (
				9861FB1226270C9300B6599A /* DogCollectionViewController.swift */,
				9870896C2647D2A8006F9AB9 /* DogDetailViewController.swift */,
			);
			path = ViewControllers;
			sourceTree = "<group>";
		};
/* End PBXGroup section */

/* Begin PBXNativeTarget section */
		9861FB0A26270C9300B6599A /* InterviewProject */ = {
			isa = PBXNativeTarget;
			buildConfigurationList = 9861FB3526270C9600B6599A /* Build configuration list for PBXNativeTarget "InterviewProject" */;
			buildPhases = (
				9861FB0726270C9300B6599A /* Sources */,
				9861FB0826270C9300B6599A /* Frameworks */,
				9861FB0926270C9300B6599A /* Resources */,
			);
			buildRules = (
			);
			dependencies = (
			);
			name = InterviewProject;
			productName = InterviewProject;
			productReference = 9861FB0B26270C9300B6599A /* InterviewProject.app */;
			productType = "com.apple.product-type.application";
		};
		9861FB2026270C9600B6599A /* InterviewProjectTests */ = {
			isa = PBXNativeTarget;
			buildConfigurationList = 9861FB3826270C9600B6599A /* Build configuration list for PBXNativeTarget "InterviewProjectTests" */;
			buildPhases = (
				9861FB1D26270C9600B6599A /* Sources */,
				9861FB1E26270C9600B6599A /* Frameworks */,
				9861FB1F26270C9600B6599A /* Resources */,
			);
			buildRules = (
			);
			dependencies = (
				9861FB2326270C9600B6599A /* PBXTargetDependency */,
			);
			name = InterviewProjectTests;
			productName = InterviewProjectTests;
			productReference = 9861FB2126270C9600B6599A /* InterviewProjectTests.xctest */;
			productType = "com.apple.product-type.bundle.unit-test";
		};
		9861FB2B26270C9600B6599A /* InterviewProjectUITests */ = {
			isa = PBXNativeTarget;
			buildConfigurationList = 9861FB3B26270C9600B6599A /* Build configuration list for PBXNativeTarget "InterviewProjectUITests" */;
			buildPhases = (
				9861FB2826270C9600B6599A /* Sources */,
				9861FB2926270C9600B6599A /* Frameworks */,
				9861FB2A26270C9600B6599A /* Resources */,
			);
			buildRules = (
			);
			dependencies = (
				9861FB2E26270C9600B6599A /* PBXTargetDependency */,
			);
			name = InterviewProjectUITests;
			productName = InterviewProjectUITests;
			productReference = 9861FB2C26270C9600B6599A /* InterviewProjectUITests.xctest */;
			productType = "com.apple.product-type.bundle.ui-testing";
		};
/* End PBXNativeTarget section */

/* Begin PBXProject section */
		9861FB0326270C9300B6599A /* Project object */ = {
			isa = PBXProject;
			attributes = {
				LastSwiftUpdateCheck = 1240;
				LastUpgradeCheck = 1240;
				TargetAttributes = {
					9861FB0A26270C9300B6599A = {
						CreatedOnToolsVersion = 12.4;
					};
					9861FB2026270C9600B6599A = {
						CreatedOnToolsVersion = 12.4;
						TestTargetID = 9861FB0A26270C9300B6599A;
					};
					9861FB2B26270C9600B6599A = {
						CreatedOnToolsVersion = 12.4;
						TestTargetID = 9861FB0A26270C9300B6599A;
					};
				};
			};
			buildConfigurationList = 9861FB0626270C9300B6599A /* Build configuration list for PBXProject "InterviewProject" */;
			compatibilityVersion = "Xcode 9.3";
			developmentRegion = en;
			hasScannedForEncodings = 0;
			knownRegions = (
				en,
				Base,
			);
			mainGroup = 9861FB0226270C9300B6599A;
			productRefGroup = 9861FB0C26270C9300B6599A /* Products */;
			projectDirPath = "";
			projectRoot = "";
			targets = (
				9861FB0A26270C9300B6599A /* InterviewProject */,
				9861FB2026270C9600B6599A /* InterviewProjectTests */,
				9861FB2B26270C9600B6599A /* InterviewProjectUITests */,
			);
		};
/* End PBXProject section */

/* Begin PBXResourcesBuildPhase section */
		9861FB0926270C9300B6599A /* Resources */ = {
			isa = PBXResourcesBuildPhase;
			buildActionMask = 2147483647;
			files = (
				9861FB1B26270C9600B6599A /* LaunchScreen.storyboard in Resources */,
				9861FB1826270C9600B6599A /* Assets.xcassets in Resources */,
			);
			runOnlyForDeploymentPostprocessing = 0;
		};
		9861FB1F26270C9600B6599A /* Resources */ = {
			isa = PBXResourcesBuildPhase;
			buildActionMask = 2147483647;
			files = (
			);
			runOnlyForDeploymentPostprocessing = 0;
		};
		9861FB2A26270C9600B6599A /* Resources */ = {
			isa = PBXResourcesBuildPhase;
			buildActionMask = 2147483647;
			files = (
			);
			runOnlyForDeploymentPostprocessing = 0;
		};
/* End PBXResourcesBuildPhase section */

/* Begin PBXSourcesBuildPhase section */
		9861FB0726270C9300B6599A /* Sources */ = {
			isa = PBXSourcesBuildPhase;
			buildActionMask = 2147483647;
			files = (
				98CA8E84262C2B6B00124DF1 /* Dog.swift in Sources */,
				9861FB1326270C9300B6599A /* DogCollectionViewController.swift in Sources */,
				9861FB0F26270C9300B6599A /* AppDelegate.swift in Sources */,
				9861FB1126270C9300B6599A /* SceneDelegate.swift in Sources */,
				9870896D2647D2A8006F9AB9 /* DogDetailViewController.swift in Sources */,
			);
			runOnlyForDeploymentPostprocessing = 0;
		};
		9861FB1D26270C9600B6599A /* Sources */ = {
			isa = PBXSourcesBuildPhase;
			buildActionMask = 2147483647;
			files = (
			);
			runOnlyForDeploymentPostprocessing = 0;
		};
		9861FB2826270C9600B6599A /* Sources */ = {
			isa = PBXSourcesBuildPhase;
			buildActionMask = 2147483647;
			files = (
			);
			runOnlyForDeploymentPostprocessing = 0;
		};
/* End PBXSourcesBuildPhase section */

/* Begin PBXTargetDependency section */
		9861FB2326270C9600B6599A /* PBXTargetDependency */ = {
			isa = PBXTargetDependency;
			target = 9861FB0A26270C9300B6599A /* InterviewProject */;
			targetProxy = 9861FB2226270C9600B6599A /* PBXContainerItemProxy */;
		};
		9861FB2E26270C9600B6599A /* PBXTargetDependency */ = {
			isa = PBXTargetDependency;
			target = 9861FB0A26270C9300B6599A /* InterviewProject */;
			targetProxy = 9861FB2D26270C9600B6599A /* PBXContainerItemProxy */;
		};
/* End PBXTargetDependency section */

/* Begin PBXVariantGroup section */
		9861FB1926270C9600B6599A /* LaunchScreen.storyboard */ = {
			isa = PBXVariantGroup;
			children = (
				9861FB1A26270C9600B6599A /* Base */,
			);
			name = LaunchScreen.storyboard;
			sourceTree = "<group>";
		};
/* End PBXVariantGroup section */

/* Begin XCBuildConfiguration section */
		9861FB3326270C9600B6599A /* Debug */ = {
			isa = XCBuildConfiguration;
			buildSettings = {
				ALWAYS_SEARCH_USER_PATHS = NO;
				CLANG_ANALYZER_NONNULL = YES;
				CLANG_ANALYZER_NUMBER_OBJECT_CONVERSION = YES_AGGRESSIVE;
				CLANG_CXX_LANGUAGE_STANDARD = "gnu++14";
				CLANG_CXX_LIBRARY = "libc++";
				CLANG_ENABLE_MODULES = YES;
				CLANG_ENABLE_OBJC_ARC = YES;
				CLANG_ENABLE_OBJC_WEAK = YES;
				CLANG_WARN_BLOCK_CAPTURE_AUTORELEASING = YES;
				CLANG_WARN_BOOL_CONVERSION = YES;
				CLANG_WARN_COMMA = YES;
				CLANG_WARN_CONSTANT_CONVERSION = YES;
				CLANG_WARN_DEPRECATED_OBJC_IMPLEMENTATIONS = YES;
				CLANG_WARN_DIRECT_OBJC_ISA_USAGE = YES_ERROR;
				CLANG_WARN_DOCUMENTATION_COMMENTS = YES;
				CLANG_WARN_EMPTY_BODY = YES;
				CLANG_WARN_ENUM_CONVERSION = YES;
				CLANG_WARN_INFINITE_RECURSION = YES;
				CLANG_WARN_INT_CONVERSION = YES;
				CLANG_WARN_NON_LITERAL_NULL_CONVERSION = YES;
				CLANG_WARN_OBJC_IMPLICIT_RETAIN_SELF = YES;
				CLANG_WARN_OBJC_LITERAL_CONVERSION = YES;
				CLANG_WARN_OBJC_ROOT_CLASS = YES_ERROR;
				CLANG_WARN_QUOTED_INCLUDE_IN_FRAMEWORK_HEADER = YES;
				CLANG_WARN_RANGE_LOOP_ANALYSIS = YES;
				CLANG_WARN_STRICT_PROTOTYPES = YES;
				CLANG_WARN_SUSPICIOUS_MOVE = YES;
				CLANG_WARN_UNGUARDED_AVAILABILITY = YES_AGGRESSIVE;
				CLANG_WARN_UNREACHABLE_CODE = YES;
				CLANG_WARN__DUPLICATE_METHOD_MATCH = YES;
				COPY_PHASE_STRIP = NO;
				DEBUG_INFORMATION_FORMAT = dwarf;
				ENABLE_STRICT_OBJC_MSGSEND = YES;
				ENABLE_TESTABILITY = YES;
				GCC_C_LANGUAGE_STANDARD = gnu11;
				GCC_DYNAMIC_NO_PIC = NO;
				GCC_NO_COMMON_BLOCKS = YES;
				GCC_OPTIMIZATION_LEVEL = 0;
				GCC_PREPROCESSOR_DEFINITIONS = (
					"DEBUG=1",
					"$(inherited)",
				);
				GCC_WARN_64_TO_32_BIT_CONVERSION = YES;
				GCC_WARN_ABOUT_RETURN_TYPE = YES_ERROR;
				GCC_WARN_UNDECLARED_SELECTOR = YES;
				GCC_WARN_UNINITIALIZED_AUTOS = YES_AGGRESSIVE;
				GCC_WARN_UNUSED_FUNCTION = YES;
				GCC_WARN_UNUSED_VARIABLE = YES;
				IPHONEOS_DEPLOYMENT_TARGET = 14.4;
				MTL_ENABLE_DEBUG_INFO = INCLUDE_SOURCE;
				MTL_FAST_MATH = YES;
				ONLY_ACTIVE_ARCH = YES;
				SDKROOT = iphoneos;
				SWIFT_ACTIVE_COMPILATION_CONDITIONS = DEBUG;
				SWIFT_OPTIMIZATION_LEVEL = "-Onone";
			};
			name = Debug;
		};
		9861FB3426270C9600B6599A /* Release */ = {
			isa = XCBuildConfiguration;
			buildSettings = {
				ALWAYS_SEARCH_USER_PATHS = NO;
				CLANG_ANALYZER_NONNULL = YES;
				CLANG_ANALYZER_NUMBER_OBJECT_CONVERSION = YES_AGGRESSIVE;
				CLANG_CXX_LANGUAGE_STANDARD = "gnu++14";
				CLANG_CXX_LIBRARY = "libc++";
				CLANG_ENABLE_MODULES = YES;
				CLANG_ENABLE_OBJC_ARC = YES;
				CLANG_ENABLE_OBJC_WEAK = YES;
				CLANG_WARN_BLOCK_CAPTURE_AUTORELEASING = YES;
				CLANG_WARN_BOOL_CONVERSION = YES;
				CLANG_WARN_COMMA = YES;
				CLANG_WARN_CONSTANT_CONVERSION = YES;
				CLANG_WARN_DEPRECATED_OBJC_IMPLEMENTATIONS = YES;
				CLANG_WARN_DIRECT_OBJC_ISA_USAGE = YES_ERROR;
				CLANG_WARN_DOCUMENTATION_COMMENTS = YES;
				CLANG_WARN_EMPTY_BODY = YES;
				CLANG_WARN_ENUM_CONVERSION = YES;
				CLANG_WARN_INFINITE_RECURSION = YES;
				CLANG_WARN_INT_CONVERSION = YES;
				CLANG_WARN_NON_LITERAL_NULL_CONVERSION = YES;
				CLANG_WARN_OBJC_IMPLICIT_RETAIN_SELF = YES;
				CLANG_WARN_OBJC_LITERAL_CONVERSION = YES;
				CLANG_WARN_OBJC_ROOT_CLASS = YES_ERROR;
				CLANG_WARN_QUOTED_INCLUDE_IN_FRAMEWORK_HEADER = YES;
				CLANG_WARN_RANGE_LOOP_ANALYSIS = YES;
				CLANG_WARN_STRICT_PROTOTYPES = YES;
				CLANG_WARN_SUSPICIOUS_MOVE = YES;
				CLANG_WARN_UNGUARDED_AVAILABILITY = YES_AGGRESSIVE;
				CLANG_WARN_UNREACHABLE_CODE = YES;
				CLANG_WARN__DUPLICATE_METHOD_MATCH = YES;
				COPY_PHASE_STRIP = NO;
				DEBUG_INFORMATION_FORMAT = "dwarf-with-dsym";
				ENABLE_NS_ASSERTIONS = NO;
				ENABLE_STRICT_OBJC_MSGSEND = YES;
				GCC_C_LANGUAGE_STANDARD = gnu11;
				GCC_NO_COMMON_BLOCKS = YES;
				GCC_WARN_64_TO_32_BIT_CONVERSION = YES;
				GCC_WARN_ABOUT_RETURN_TYPE = YES_ERROR;
				GCC_WARN_UNDECLARED_SELECTOR = YES;
				GCC_WARN_UNINITIALIZED_AUTOS = YES_AGGRESSIVE;
				GCC_WARN_UNUSED_FUNCTION = YES;
				GCC_WARN_UNUSED_VARIABLE = YES;
				IPHONEOS_DEPLOYMENT_TARGET = 14.4;
				MTL_ENABLE_DEBUG_INFO = NO;
				MTL_FAST_MATH = YES;
				SDKROOT = iphoneos;
				SWIFT_COMPILATION_MODE = wholemodule;
				SWIFT_OPTIMIZATION_LEVEL = "-O";
				VALIDATE_PRODUCT = YES;
			};
			name = Release;
		};
		9861FB3626270C9600B6599A /* Debug */ = {
			isa = XCBuildConfiguration;
			buildSettings = {
				ASSETCATALOG_COMPILER_APPICON_NAME = AppIcon;
				ASSETCATALOG_COMPILER_GLOBAL_ACCENT_COLOR_NAME = AccentColor;
				CODE_SIGN_STYLE = Automatic;
				DEVELOPMENT_TEAM = 5JGT6D5RMZ;
				INFOPLIST_FILE = InterviewProject/Info.plist;
				LD_RUNPATH_SEARCH_PATHS = (
					"$(inherited)",
					"@executable_path/Frameworks",
				);
				PRODUCT_BUNDLE_IDENTIFIER = com.example.HikePackCore.InterviewProject;
				PRODUCT_NAME = "$(TARGET_NAME)";
				SWIFT_VERSION = 5.0;
				TARGETED_DEVICE_FAMILY = "1,2";
			};
			name = Debug;
		};
		9861FB3726270C9600B6599A /* Release */ = {
			isa = XCBuildConfiguration;
			buildSettings = {
				ASSETCATALOG_COMPILER_APPICON_NAME = AppIcon;
				ASSETCATALOG_COMPILER_GLOBAL_ACCENT_COLOR_NAME = AccentColor;
				CODE_SIGN_STYLE = Automatic;
				DEVELOPMENT_TEAM = 5JGT6D5RMZ;
				INFOPLIST_FILE = InterviewProject/Info.plist;
				LD_RUNPATH_SEARCH_PATHS = (
					"$(inherited)",
					"@executable_path/Frameworks",
				);
				PRODUCT_BUNDLE_IDENTIFIER = com.example.HikePackCore.InterviewProject;
				PRODUCT_NAME = "$(TARGET_NAME)";
				SWIFT_VERSION = 5.0;
				TARGETED_DEVICE_FAMILY = "1,2";
			};
			name = Release;
		};
		9861FB3926270C9600B6599A /* Debug */ = {
			isa = XCBuildConfiguration;
			buildSettings = {
				ALWAYS_EMBED_SWIFT_STANDARD_LIBRARIES = YES;
				BUNDLE_LOADER = "$(TEST_HOST)";
				CODE_SIGN_STYLE = Automatic;
				DEVELOPMENT_TEAM = 5JGT6D5RMZ;
				INFOPLIST_FILE = InterviewProjectTests/Info.plist;
				IPHONEOS_DEPLOYMENT_TARGET = 14.4;
				LD_RUNPATH_SEARCH_PATHS = (
					"$(inherited)",
					"@executable_path/Frameworks",
					"@loader_path/Frameworks",
				);
				PRODUCT_BUNDLE_IDENTIFIER = com.example.HikePackCore.InterviewProjectTests;
				PRODUCT_NAME = "$(TARGET_NAME)";
				SWIFT_VERSION = 5.0;
				TARGETED_DEVICE_FAMILY = "1,2";
				TEST_HOST = "$(BUILT_PRODUCTS_DIR)/InterviewProject.app/InterviewProject";
			};
			name = Debug;
		};
		9861FB3A26270C9600B6599A /* Release */ = {
			isa = XCBuildConfiguration;
			buildSettings = {
				ALWAYS_EMBED_SWIFT_STANDARD_LIBRARIES = YES;
				BUNDLE_LOADER = "$(TEST_HOST)";
				CODE_SIGN_STYLE = Automatic;
				DEVELOPMENT_TEAM = 5JGT6D5RMZ;
				INFOPLIST_FILE = InterviewProjectTests/Info.plist;
				IPHONEOS_DEPLOYMENT_TARGET = 14.4;
				LD_RUNPATH_SEARCH_PATHS = (
					"$(inherited)",
					"@executable_path/Frameworks",
					"@loader_path/Frameworks",
				);
				PRODUCT_BUNDLE_IDENTIFIER = com.example.HikePackCore.InterviewProjectTests;
				PRODUCT_NAME = "$(TARGET_NAME)";
				SWIFT_VERSION = 5.0;
				TARGETED_DEVICE_FAMILY = "1,2";
				TEST_HOST = "$(BUILT_PRODUCTS_DIR)/InterviewProject.app/InterviewProject";
			};
			name = Release;
		};
		9861FB3C26270C9600B6599A /* Debug */ = {
			isa = XCBuildConfiguration;
			buildSettings = {
				ALWAYS_EMBED_SWIFT_STANDARD_LIBRARIES = YES;
				CODE_SIGN_STYLE = Automatic;
				DEVELOPMENT_TEAM = 5JGT6D5RMZ;
				INFOPLIST_FILE = InterviewProjectUITests/Info.plist;
				LD_RUNPATH_SEARCH_PATHS = (
					"$(inherited)",
					"@executable_path/Frameworks",
					"@loader_path/Frameworks",
				);
				PRODUCT_BUNDLE_IDENTIFIER = com.example.HikePackCore.InterviewProjectUITests;
				PRODUCT_NAME = "$(TARGET_NAME)";
				SWIFT_VERSION = 5.0;
				TARGETED_DEVICE_FAMILY = "1,2";
				TEST_TARGET_NAME = InterviewProject;
			};
			name = Debug;
		};
		9861FB3D26270C9600B6599A /* Release */ = {
			isa = XCBuildConfiguration;
			buildSettings = {
				ALWAYS_EMBED_SWIFT_STANDARD_LIBRARIES = YES;
				CODE_SIGN_STYLE = Automatic;
				DEVELOPMENT_TEAM = 5JGT6D5RMZ;
				INFOPLIST_FILE = InterviewProjectUITests/Info.plist;
				LD_RUNPATH_SEARCH_PATHS = (
					"$(inherited)",
					"@executable_path/Frameworks",
					"@loader_path/Frameworks",
				);
				PRODUCT_BUNDLE_IDENTIFIER = com.example.HikePackCore.InterviewProjectUITests;
				PRODUCT_NAME = "$(TARGET_NAME)";
				SWIFT_VERSION = 5.0;
				TARGETED_DEVICE_FAMILY = "1,2";
				TEST_TARGET_NAME = InterviewProject;
			};
			name = Release;
		};
/* End XCBuildConfiguration section */

/* Begin XCConfigurationList section */
		9861FB0626270C9300B6599A /* Build configuration list for PBXProject "InterviewProject" */ = {
			isa = XCConfigurationList;
			buildConfigurations = (
				9861FB3326270C9600B6599A /* Debug */,
				9861FB3426270C9600B6599A /* Release */,
			);
			defaultConfigurationIsVisible = 0;
			defaultConfigurationName = Release;
		};
		9861FB3526270C9600B6599A /* Build configuration list for PBXNativeTarget "InterviewProject" */ = {
			isa = XCConfigurationList;
			buildConfigurations = (
				9861FB3626270C9600B6599A /* Debug */,
				9861FB3726270C9600B6599A /* Release */,
			);
			defaultConfigurationIsVisible = 0;
			defaultConfigurationName = Release;
		};
		9861FB3826270C9600B6599A /* Build configuration list for PBXNativeTarget "InterviewProjectTests" */ = {
			isa = XCConfigurationList;
			buildConfigurations = (
				9861FB3926270C9600B6599A /* Debug */,
				9861FB3A26270C9600B6599A /* Release */,
			);
			defaultConfigurationIsVisible = 0;
			defaultConfigurationName = Release;
		};
		9861FB3B26270C9600B6599A /* Build configuration list for PBXNativeTarget "InterviewProjectUITests" */ = {
			isa = XCConfigurationList;
			buildConfigurations = (
				9861FB3C26270C9600B6599A /* Debug */,
				9861FB3D26270C9600B6599A /* Release */,
			);
			defaultConfigurationIsVisible = 0;
			defaultConfigurationName = Release;
		};
/* End XCConfigurationList section */
	};
	rootObject = 9861FB0326270C9300B6599A /* Project object */;
}
